// !$*UTF8*$!
{
	archiveVersion = 1;
	classes = {
	};
	objectVersion = 56;
	objects = {

/* Begin PBXBuildFile section */
		E615D5E02BDF96C60042CF09 /* Page7Part2.swift in Sources */ = {isa = PBXBuildFile; fileRef = E615D5DF2BDF96C60042CF09 /* Page7Part2.swift */; };
		E615D5E22BDF98F50042CF09 /* Page8Part1.swift in Sources */ = {isa = PBXBuildFile; fileRef = E615D5E12BDF98F50042CF09 /* Page8Part1.swift */; };
		E615D5E42BDF9C7C0042CF09 /* Page8Part2.swift in Sources */ = {isa = PBXBuildFile; fileRef = E615D5E32BDF9C7C0042CF09 /* Page8Part2.swift */; };
		E615D5E62BDFA0180042CF09 /* Page9Part1.swift in Sources */ = {isa = PBXBuildFile; fileRef = E615D5E52BDFA0180042CF09 /* Page9Part1.swift */; };
		E63D50842BDF41C7002B4C39 /* Page6.swift in Sources */ = {isa = PBXBuildFile; fileRef = E63D50832BDF41C7002B4C39 /* Page6.swift */; };
		E63D50862BDF55C2002B4C39 /* Page2Part3.swift in Sources */ = {isa = PBXBuildFile; fileRef = E63D50852BDF55C1002B4C39 /* Page2Part3.swift */; };
		E63D50882BDF5CFE002B4C39 /* Page4Part2.swift in Sources */ = {isa = PBXBuildFile; fileRef = E63D50872BDF5CFE002B4C39 /* Page4Part2.swift */; };
		E63D508A2BDF8129002B4C39 /* Page7Part1.swift in Sources */ = {isa = PBXBuildFile; fileRef = E63D50892BDF8129002B4C39 /* Page7Part1.swift */; };
		E685ABFE2BDFAF5700A1AB0D /* Page9Part2.swift in Sources */ = {isa = PBXBuildFile; fileRef = E685ABFD2BDFAF5700A1AB0D /* Page9Part2.swift */; };
		E685AC002BDFAFEA00A1AB0D /* Page9Part3.swift in Sources */ = {isa = PBXBuildFile; fileRef = E685ABFF2BDFAFEA00A1AB0D /* Page9Part3.swift */; };
		E685AC022BDFB0A800A1AB0D /* Page10.swift in Sources */ = {isa = PBXBuildFile; fileRef = E685AC012BDFB0A800A1AB0D /* Page10.swift */; };
		E685AC042BDFB1AF00A1AB0D /* Page11Part1.swift in Sources */ = {isa = PBXBuildFile; fileRef = E685AC032BDFB1AF00A1AB0D /* Page11Part1.swift */; };
		E685AC062BDFB8F500A1AB0D /* Page9Part4.swift in Sources */ = {isa = PBXBuildFile; fileRef = E685AC052BDFB8F500A1AB0D /* Page9Part4.swift */; };
		E685AC082BDFBB8300A1AB0D /* Page11Part2.swift in Sources */ = {isa = PBXBuildFile; fileRef = E685AC072BDFBB8300A1AB0D /* Page11Part2.swift */; };
		E685AC0A2BDFBCF800A1AB0D /* Page11Part3.swift in Sources */ = {isa = PBXBuildFile; fileRef = E685AC092BDFBCF800A1AB0D /* Page11Part3.swift */; };
		E685AC0C2BDFC3F800A1AB0D /* Page11Part4.swift in Sources */ = {isa = PBXBuildFile; fileRef = E685AC0B2BDFC3F800A1AB0D /* Page11Part4.swift */; };
		E685AC0E2BDFC47400A1AB0D /* Page11Part5.swift in Sources */ = {isa = PBXBuildFile; fileRef = E685AC0D2BDFC47400A1AB0D /* Page11Part5.swift */; };
		E685AC112BDFC5A200A1AB0D /* Page12.swift in Sources */ = {isa = PBXBuildFile; fileRef = E685AC102BDFC5A200A1AB0D /* Page12.swift */; };
		E685AC132BDFC66800A1AB0D /* Page13.swift in Sources */ = {isa = PBXBuildFile; fileRef = E685AC122BDFC66800A1AB0D /* Page13.swift */; };
		E685AC152BDFC71E00A1AB0D /* Page14.swift in Sources */ = {isa = PBXBuildFile; fileRef = E685AC142BDFC71E00A1AB0D /* Page14.swift */; };
		E685AC172BDFC7DC00A1AB0D /* Page15.swift in Sources */ = {isa = PBXBuildFile; fileRef = E685AC162BDFC7DC00A1AB0D /* Page15.swift */; };
		E685AC192BDFCC4000A1AB0D /* Page16.swift in Sources */ = {isa = PBXBuildFile; fileRef = E685AC182BDFCC4000A1AB0D /* Page16.swift */; };
		E685AC1B2BDFCD7600A1AB0D /* Page17.swift in Sources */ = {isa = PBXBuildFile; fileRef = E685AC1A2BDFCD7600A1AB0D /* Page17.swift */; };
		E685AC1D2BDFCFB000A1AB0D /* Page18.swift in Sources */ = {isa = PBXBuildFile; fileRef = E685AC1C2BDFCFB000A1AB0D /* Page18.swift */; };
		E685AC1F2BDFD04400A1AB0D /* Page19.swift in Sources */ = {isa = PBXBuildFile; fileRef = E685AC1E2BDFD04400A1AB0D /* Page19.swift */; };
		E685AC212BDFE16100A1AB0D /* Page20.swift in Sources */ = {isa = PBXBuildFile; fileRef = E685AC202BDFE16100A1AB0D /* Page20.swift */; };
		E685AC232BDFE34800A1AB0D /* Page21Part1.swift in Sources */ = {isa = PBXBuildFile; fileRef = E685AC222BDFE34800A1AB0D /* Page21Part1.swift */; };
		E685AC252BDFE6BE00A1AB0D /* Page21Part2.swift in Sources */ = {isa = PBXBuildFile; fileRef = E685AC242BDFE6BE00A1AB0D /* Page21Part2.swift */; };
		E685AC272BDFE76E00A1AB0D /* Page22.swift in Sources */ = {isa = PBXBuildFile; fileRef = E685AC262BDFE76E00A1AB0D /* Page22.swift */; };
		E685AC292BDFE89300A1AB0D /* Page23Part1.swift in Sources */ = {isa = PBXBuildFile; fileRef = E685AC282BDFE89300A1AB0D /* Page23Part1.swift */; };
		E685AC2B2BDFE97800A1AB0D /* Page23Part2.swift in Sources */ = {isa = PBXBuildFile; fileRef = E685AC2A2BDFE97800A1AB0D /* Page23Part2.swift */; };
		E685AC2D2BDFEAC700A1AB0D /* Page23Part3.swift in Sources */ = {isa = PBXBuildFile; fileRef = E685AC2C2BDFEAC700A1AB0D /* Page23Part3.swift */; };
		E685AC2F2BDFEB6C00A1AB0D /* Page24.swift in Sources */ = {isa = PBXBuildFile; fileRef = E685AC2E2BDFEB6C00A1AB0D /* Page24.swift */; };
		E685AC312BDFEBAC00A1AB0D /* Page25.swift in Sources */ = {isa = PBXBuildFile; fileRef = E685AC302BDFEBAC00A1AB0D /* Page25.swift */; };
		E685AC332BDFF0CD00A1AB0D /* bgmusic.mp3 in Resources */ = {isa = PBXBuildFile; fileRef = E685AC322BDFF0CD00A1AB0D /* bgmusic.mp3 */; };
		E6A69F7F2BDCCA10008DE37F /* shroomingApp.swift in Sources */ = {isa = PBXBuildFile; fileRef = E6A69F7E2BDCCA10008DE37F /* shroomingApp.swift */; };
		E6A69F812BDCCA10008DE37F /* ContentView.swift in Sources */ = {isa = PBXBuildFile; fileRef = E6A69F802BDCCA10008DE37F /* ContentView.swift */; };
		E6A69F832BDCCA12008DE37F /* Assets.xcassets in Resources */ = {isa = PBXBuildFile; fileRef = E6A69F822BDCCA12008DE37F /* Assets.xcassets */; };
		E6A69F862BDCCA12008DE37F /* Preview Assets.xcassets in Resources */ = {isa = PBXBuildFile; fileRef = E6A69F852BDCCA12008DE37F /* Preview Assets.xcassets */; };
		E6A69F8D2BDCCAA9008DE37F /* PageController.swift in Sources */ = {isa = PBXBuildFile; fileRef = E6A69F8C2BDCCAA9008DE37F /* PageController.swift */; };
		E6A69F912BDCDF73008DE37F /* SplashPage.swift in Sources */ = {isa = PBXBuildFile; fileRef = E6A69F902BDCDF73008DE37F /* SplashPage.swift */; };
		E6A69F932BDCDF9B008DE37F /* HomePage.swift in Sources */ = {isa = PBXBuildFile; fileRef = E6A69F922BDCDF9B008DE37F /* HomePage.swift */; };
		E6A69F952BDCDFC1008DE37F /* SuggestionPage.swift in Sources */ = {isa = PBXBuildFile; fileRef = E6A69F942BDCDFC1008DE37F /* SuggestionPage.swift */; };
		E6A69F972BDCE1C9008DE37F /* PageControllerViewModel.swift in Sources */ = {isa = PBXBuildFile; fileRef = E6A69F962BDCE1C9008DE37F /* PageControllerViewModel.swift */; };
		E6A69F992BDCF52A008DE37F /* StoryPage.swift in Sources */ = {isa = PBXBuildFile; fileRef = E6A69F982BDCF52A008DE37F /* StoryPage.swift */; };
		E6A69F9B2BDD2E23008DE37F /* Page1.swift in Sources */ = {isa = PBXBuildFile; fileRef = E6A69F9A2BDD2E23008DE37F /* Page1.swift */; };
		E6A69F9E2BDE7F94008DE37F /* ParallaxScrollableViewLegacy.swift in Sources */ = {isa = PBXBuildFile; fileRef = E6A69F9D2BDE7F94008DE37F /* ParallaxScrollableViewLegacy.swift */; };
		E6A69FA02BDE9040008DE37F /* LearnParallax.swift in Sources */ = {isa = PBXBuildFile; fileRef = E6A69F9F2BDE9040008DE37F /* LearnParallax.swift */; };
		E6A69FA22BDE9601008DE37F /* ParallaxUtils.swift in Sources */ = {isa = PBXBuildFile; fileRef = E6A69FA12BDE9601008DE37F /* ParallaxUtils.swift */; };
		E6A69FA42BDE9A39008DE37F /* Page2Part1.swift in Sources */ = {isa = PBXBuildFile; fileRef = E6A69FA32BDE9A39008DE37F /* Page2Part1.swift */; };
		E6A69FA62BDEA0E9008DE37F /* Page2Part2.swift in Sources */ = {isa = PBXBuildFile; fileRef = E6A69FA52BDEA0E9008DE37F /* Page2Part2.swift */; };
		E6A69FA82BDEA392008DE37F /* Page3Part1.swift in Sources */ = {isa = PBXBuildFile; fileRef = E6A69FA72BDEA392008DE37F /* Page3Part1.swift */; };
		E6A69FAA2BDEA514008DE37F /* Page3Part2.swift in Sources */ = {isa = PBXBuildFile; fileRef = E6A69FA92BDEA514008DE37F /* Page3Part2.swift */; };
		E6A69FAC2BDEA556008DE37F /* Page4Part1.swift in Sources */ = {isa = PBXBuildFile; fileRef = E6A69FAB2BDEA556008DE37F /* Page4Part1.swift */; };
		E6A69FAE2BDEA67C008DE37F /* Page5.swift in Sources */ = {isa = PBXBuildFile; fileRef = E6A69FAD2BDEA67C008DE37F /* Page5.swift */; };
/* End PBXBuildFile section */

/* Begin PBXFileReference section */
		E615D5DF2BDF96C60042CF09 /* Page7Part2.swift */ = {isa = PBXFileReference; lastKnownFileType = sourcecode.swift; path = Page7Part2.swift; sourceTree = "<group>"; };
		E615D5E12BDF98F50042CF09 /* Page8Part1.swift */ = {isa = PBXFileReference; lastKnownFileType = sourcecode.swift; path = Page8Part1.swift; sourceTree = "<group>"; };
		E615D5E32BDF9C7C0042CF09 /* Page8Part2.swift */ = {isa = PBXFileReference; lastKnownFileType = sourcecode.swift; path = Page8Part2.swift; sourceTree = "<group>"; };
		E615D5E52BDFA0180042CF09 /* Page9Part1.swift */ = {isa = PBXFileReference; lastKnownFileType = sourcecode.swift; path = Page9Part1.swift; sourceTree = "<group>"; };
		E63D50832BDF41C7002B4C39 /* Page6.swift */ = {isa = PBXFileReference; lastKnownFileType = sourcecode.swift; path = Page6.swift; sourceTree = "<group>"; };
		E63D50852BDF55C1002B4C39 /* Page2Part3.swift */ = {isa = PBXFileReference; lastKnownFileType = sourcecode.swift; path = Page2Part3.swift; sourceTree = "<group>"; };
		E63D50872BDF5CFE002B4C39 /* Page4Part2.swift */ = {isa = PBXFileReference; lastKnownFileType = sourcecode.swift; path = Page4Part2.swift; sourceTree = "<group>"; };
		E63D50892BDF8129002B4C39 /* Page7Part1.swift */ = {isa = PBXFileReference; lastKnownFileType = sourcecode.swift; path = Page7Part1.swift; sourceTree = "<group>"; };
		E685ABFD2BDFAF5700A1AB0D /* Page9Part2.swift */ = {isa = PBXFileReference; lastKnownFileType = sourcecode.swift; path = Page9Part2.swift; sourceTree = "<group>"; };
		E685ABFF2BDFAFEA00A1AB0D /* Page9Part3.swift */ = {isa = PBXFileReference; lastKnownFileType = sourcecode.swift; path = Page9Part3.swift; sourceTree = "<group>"; };
		E685AC012BDFB0A800A1AB0D /* Page10.swift */ = {isa = PBXFileReference; lastKnownFileType = sourcecode.swift; path = Page10.swift; sourceTree = "<group>"; };
		E685AC032BDFB1AF00A1AB0D /* Page11Part1.swift */ = {isa = PBXFileReference; lastKnownFileType = sourcecode.swift; path = Page11Part1.swift; sourceTree = "<group>"; };
		E685AC052BDFB8F500A1AB0D /* Page9Part4.swift */ = {isa = PBXFileReference; lastKnownFileType = sourcecode.swift; path = Page9Part4.swift; sourceTree = "<group>"; };
		E685AC072BDFBB8300A1AB0D /* Page11Part2.swift */ = {isa = PBXFileReference; lastKnownFileType = sourcecode.swift; path = Page11Part2.swift; sourceTree = "<group>"; };
		E685AC092BDFBCF800A1AB0D /* Page11Part3.swift */ = {isa = PBXFileReference; lastKnownFileType = sourcecode.swift; path = Page11Part3.swift; sourceTree = "<group>"; };
		E685AC0B2BDFC3F800A1AB0D /* Page11Part4.swift */ = {isa = PBXFileReference; lastKnownFileType = sourcecode.swift; path = Page11Part4.swift; sourceTree = "<group>"; };
		E685AC0D2BDFC47400A1AB0D /* Page11Part5.swift */ = {isa = PBXFileReference; lastKnownFileType = sourcecode.swift; path = Page11Part5.swift; sourceTree = "<group>"; };
		E685AC102BDFC5A200A1AB0D /* Page12.swift */ = {isa = PBXFileReference; lastKnownFileType = sourcecode.swift; path = Page12.swift; sourceTree = "<group>"; };
		E685AC122BDFC66800A1AB0D /* Page13.swift */ = {isa = PBXFileReference; lastKnownFileType = sourcecode.swift; path = Page13.swift; sourceTree = "<group>"; };
		E685AC142BDFC71E00A1AB0D /* Page14.swift */ = {isa = PBXFileReference; lastKnownFileType = sourcecode.swift; path = Page14.swift; sourceTree = "<group>"; };
		E685AC162BDFC7DC00A1AB0D /* Page15.swift */ = {isa = PBXFileReference; lastKnownFileType = sourcecode.swift; path = Page15.swift; sourceTree = "<group>"; };
		E685AC182BDFCC4000A1AB0D /* Page16.swift */ = {isa = PBXFileReference; lastKnownFileType = sourcecode.swift; path = Page16.swift; sourceTree = "<group>"; };
		E685AC1A2BDFCD7600A1AB0D /* Page17.swift */ = {isa = PBXFileReference; lastKnownFileType = sourcecode.swift; path = Page17.swift; sourceTree = "<group>"; };
		E685AC1C2BDFCFB000A1AB0D /* Page18.swift */ = {isa = PBXFileReference; lastKnownFileType = sourcecode.swift; path = Page18.swift; sourceTree = "<group>"; };
		E685AC1E2BDFD04400A1AB0D /* Page19.swift */ = {isa = PBXFileReference; lastKnownFileType = sourcecode.swift; path = Page19.swift; sourceTree = "<group>"; };
		E685AC202BDFE16100A1AB0D /* Page20.swift */ = {isa = PBXFileReference; lastKnownFileType = sourcecode.swift; path = Page20.swift; sourceTree = "<group>"; };
		E685AC222BDFE34800A1AB0D /* Page21Part1.swift */ = {isa = PBXFileReference; lastKnownFileType = sourcecode.swift; path = Page21Part1.swift; sourceTree = "<group>"; };
		E685AC242BDFE6BE00A1AB0D /* Page21Part2.swift */ = {isa = PBXFileReference; lastKnownFileType = sourcecode.swift; path = Page21Part2.swift; sourceTree = "<group>"; };
		E685AC262BDFE76E00A1AB0D /* Page22.swift */ = {isa = PBXFileReference; lastKnownFileType = sourcecode.swift; path = Page22.swift; sourceTree = "<group>"; };
		E685AC282BDFE89300A1AB0D /* Page23Part1.swift */ = {isa = PBXFileReference; lastKnownFileType = sourcecode.swift; path = Page23Part1.swift; sourceTree = "<group>"; };
		E685AC2A2BDFE97800A1AB0D /* Page23Part2.swift */ = {isa = PBXFileReference; lastKnownFileType = sourcecode.swift; path = Page23Part2.swift; sourceTree = "<group>"; };
		E685AC2C2BDFEAC700A1AB0D /* Page23Part3.swift */ = {isa = PBXFileReference; lastKnownFileType = sourcecode.swift; path = Page23Part3.swift; sourceTree = "<group>"; };
		E685AC2E2BDFEB6C00A1AB0D /* Page24.swift */ = {isa = PBXFileReference; lastKnownFileType = sourcecode.swift; path = Page24.swift; sourceTree = "<group>"; };
		E685AC302BDFEBAC00A1AB0D /* Page25.swift */ = {isa = PBXFileReference; lastKnownFileType = sourcecode.swift; path = Page25.swift; sourceTree = "<group>"; };
		E685AC322BDFF0CD00A1AB0D /* bgmusic.mp3 */ = {isa = PBXFileReference; lastKnownFileType = audio.mp3; path = bgmusic.mp3; sourceTree = "<group>"; };
		E6A69F7B2BDCCA10008DE37F /* shrooming.app */ = {isa = PBXFileReference; explicitFileType = wrapper.application; includeInIndex = 0; path = shrooming.app; sourceTree = BUILT_PRODUCTS_DIR; };
		E6A69F7E2BDCCA10008DE37F /* shroomingApp.swift */ = {isa = PBXFileReference; lastKnownFileType = sourcecode.swift; path = shroomingApp.swift; sourceTree = "<group>"; };
		E6A69F802BDCCA10008DE37F /* ContentView.swift */ = {isa = PBXFileReference; lastKnownFileType = sourcecode.swift; path = ContentView.swift; sourceTree = "<group>"; };
		E6A69F822BDCCA12008DE37F /* Assets.xcassets */ = {isa = PBXFileReference; lastKnownFileType = folder.assetcatalog; path = Assets.xcassets; sourceTree = "<group>"; };
		E6A69F852BDCCA12008DE37F /* Preview Assets.xcassets */ = {isa = PBXFileReference; lastKnownFileType = folder.assetcatalog; path = "Preview Assets.xcassets"; sourceTree = "<group>"; };
		E6A69F8C2BDCCAA9008DE37F /* PageController.swift */ = {isa = PBXFileReference; lastKnownFileType = sourcecode.swift; path = PageController.swift; sourceTree = "<group>"; };
		E6A69F902BDCDF73008DE37F /* SplashPage.swift */ = {isa = PBXFileReference; lastKnownFileType = sourcecode.swift; path = SplashPage.swift; sourceTree = "<group>"; };
		E6A69F922BDCDF9B008DE37F /* HomePage.swift */ = {isa = PBXFileReference; lastKnownFileType = sourcecode.swift; path = HomePage.swift; sourceTree = "<group>"; };
		E6A69F942BDCDFC1008DE37F /* SuggestionPage.swift */ = {isa = PBXFileReference; lastKnownFileType = sourcecode.swift; path = SuggestionPage.swift; sourceTree = "<group>"; };
		E6A69F962BDCE1C9008DE37F /* PageControllerViewModel.swift */ = {isa = PBXFileReference; lastKnownFileType = sourcecode.swift; path = PageControllerViewModel.swift; sourceTree = "<group>"; };
		E6A69F982BDCF52A008DE37F /* StoryPage.swift */ = {isa = PBXFileReference; lastKnownFileType = sourcecode.swift; path = StoryPage.swift; sourceTree = "<group>"; };
		E6A69F9A2BDD2E23008DE37F /* Page1.swift */ = {isa = PBXFileReference; lastKnownFileType = sourcecode.swift; path = Page1.swift; sourceTree = "<group>"; };
		E6A69F9D2BDE7F94008DE37F /* ParallaxScrollableViewLegacy.swift */ = {isa = PBXFileReference; lastKnownFileType = sourcecode.swift; path = ParallaxScrollableViewLegacy.swift; sourceTree = "<group>"; };
		E6A69F9F2BDE9040008DE37F /* LearnParallax.swift */ = {isa = PBXFileReference; lastKnownFileType = sourcecode.swift; path = LearnParallax.swift; sourceTree = "<group>"; };
		E6A69FA12BDE9601008DE37F /* ParallaxUtils.swift */ = {isa = PBXFileReference; lastKnownFileType = sourcecode.swift; path = ParallaxUtils.swift; sourceTree = "<group>"; };
		E6A69FA32BDE9A39008DE37F /* Page2Part1.swift */ = {isa = PBXFileReference; lastKnownFileType = sourcecode.swift; path = Page2Part1.swift; sourceTree = "<group>"; };
		E6A69FA52BDEA0E9008DE37F /* Page2Part2.swift */ = {isa = PBXFileReference; lastKnownFileType = sourcecode.swift; path = Page2Part2.swift; sourceTree = "<group>"; };
		E6A69FA72BDEA392008DE37F /* Page3Part1.swift */ = {isa = PBXFileReference; lastKnownFileType = sourcecode.swift; path = Page3Part1.swift; sourceTree = "<group>"; };
		E6A69FA92BDEA514008DE37F /* Page3Part2.swift */ = {isa = PBXFileReference; lastKnownFileType = sourcecode.swift; path = Page3Part2.swift; sourceTree = "<group>"; };
		E6A69FAB2BDEA556008DE37F /* Page4Part1.swift */ = {isa = PBXFileReference; lastKnownFileType = sourcecode.swift; path = Page4Part1.swift; sourceTree = "<group>"; };
		E6A69FAD2BDEA67C008DE37F /* Page5.swift */ = {isa = PBXFileReference; lastKnownFileType = sourcecode.swift; path = Page5.swift; sourceTree = "<group>"; };
/* End PBXFileReference section */

/* Begin PBXFrameworksBuildPhase section */
		E6A69F782BDCCA10008DE37F /* Frameworks */ = {
			isa = PBXFrameworksBuildPhase;
			buildActionMask = 2147483647;
			files = (
			);
			runOnlyForDeploymentPostprocessing = 0;
		};
/* End PBXFrameworksBuildPhase section */

/* Begin PBXGroup section */
		E685AC0F2BDFC54C00A1AB0D /* Page1To11 */ = {
			isa = PBXGroup;
			children = (
				E6A69F9A2BDD2E23008DE37F /* Page1.swift */,
				E6A69FA32BDE9A39008DE37F /* Page2Part1.swift */,
				E6A69FA52BDEA0E9008DE37F /* Page2Part2.swift */,
				E63D50852BDF55C1002B4C39 /* Page2Part3.swift */,
				E6A69FA72BDEA392008DE37F /* Page3Part1.swift */,
				E6A69FA92BDEA514008DE37F /* Page3Part2.swift */,
				E6A69FAB2BDEA556008DE37F /* Page4Part1.swift */,
				E63D50872BDF5CFE002B4C39 /* Page4Part2.swift */,
				E6A69FAD2BDEA67C008DE37F /* Page5.swift */,
				E63D50832BDF41C7002B4C39 /* Page6.swift */,
				E63D50892BDF8129002B4C39 /* Page7Part1.swift */,
				E615D5DF2BDF96C60042CF09 /* Page7Part2.swift */,
				E615D5E12BDF98F50042CF09 /* Page8Part1.swift */,
				E615D5E32BDF9C7C0042CF09 /* Page8Part2.swift */,
				E615D5E52BDFA0180042CF09 /* Page9Part1.swift */,
				E685ABFD2BDFAF5700A1AB0D /* Page9Part2.swift */,
				E685ABFF2BDFAFEA00A1AB0D /* Page9Part3.swift */,
				E685AC052BDFB8F500A1AB0D /* Page9Part4.swift */,
				E685AC012BDFB0A800A1AB0D /* Page10.swift */,
				E685AC032BDFB1AF00A1AB0D /* Page11Part1.swift */,
				E685AC072BDFBB8300A1AB0D /* Page11Part2.swift */,
				E685AC092BDFBCF800A1AB0D /* Page11Part3.swift */,
				E685AC0B2BDFC3F800A1AB0D /* Page11Part4.swift */,
				E685AC0D2BDFC47400A1AB0D /* Page11Part5.swift */,
			);
			path = Page1To11;
			sourceTree = "<group>";
		};
		E6A69F722BDCCA10008DE37F = {
			isa = PBXGroup;
			children = (
				E6A69F7D2BDCCA10008DE37F /* shrooming */,
				E6A69F7C2BDCCA10008DE37F /* Products */,
			);
			sourceTree = "<group>";
		};
		E6A69F7C2BDCCA10008DE37F /* Products */ = {
			isa = PBXGroup;
			children = (
				E6A69F7B2BDCCA10008DE37F /* shrooming.app */,
			);
			name = Products;
			sourceTree = "<group>";
		};
		E6A69F7D2BDCCA10008DE37F /* shrooming */ = {
			isa = PBXGroup;
			children = (
				E6A69F822BDCCA12008DE37F /* Assets.xcassets */,
				E6A69F842BDCCA12008DE37F /* Preview Content */,
				E6A69F8E2BDCD847008DE37F /* Sections */,
				E6A69F8F2BDCDF4D008DE37F /* Onboarding */,
				E6A69F9C2BDE7F6A008DE37F /* UtilViews */,
				E6A69F7E2BDCCA10008DE37F /* shroomingApp.swift */,
				E6A69F802BDCCA10008DE37F /* ContentView.swift */,
				E6A69F8C2BDCCAA9008DE37F /* PageController.swift */,
				E6A69F962BDCE1C9008DE37F /* PageControllerViewModel.swift */,
				E6A69F982BDCF52A008DE37F /* StoryPage.swift */,
				E6A69F9F2BDE9040008DE37F /* LearnParallax.swift */,
				E685AC322BDFF0CD00A1AB0D /* bgmusic.mp3 */,
			);
			path = shrooming;
			sourceTree = "<group>";
		};
		E6A69F842BDCCA12008DE37F /* Preview Content */ = {
			isa = PBXGroup;
			children = (
				E6A69F852BDCCA12008DE37F /* Preview Assets.xcassets */,
			);
			path = "Preview Content";
			sourceTree = "<group>";
		};
		E6A69F8E2BDCD847008DE37F /* Sections */ = {
			isa = PBXGroup;
			children = (
				E685AC0F2BDFC54C00A1AB0D /* Page1To11 */,
				E685AC102BDFC5A200A1AB0D /* Page12.swift */,
				E685AC122BDFC66800A1AB0D /* Page13.swift */,
				E685AC142BDFC71E00A1AB0D /* Page14.swift */,
				E685AC162BDFC7DC00A1AB0D /* Page15.swift */,
				E685AC182BDFCC4000A1AB0D /* Page16.swift */,
				E685AC1A2BDFCD7600A1AB0D /* Page17.swift */,
				E685AC1C2BDFCFB000A1AB0D /* Page18.swift */,
				E685AC1E2BDFD04400A1AB0D /* Page19.swift */,
				E685AC202BDFE16100A1AB0D /* Page20.swift */,
				E685AC222BDFE34800A1AB0D /* Page21Part1.swift */,
				E685AC242BDFE6BE00A1AB0D /* Page21Part2.swift */,
				E685AC262BDFE76E00A1AB0D /* Page22.swift */,
				E685AC282BDFE89300A1AB0D /* Page23Part1.swift */,
				E685AC2A2BDFE97800A1AB0D /* Page23Part2.swift */,
				E685AC2C2BDFEAC700A1AB0D /* Page23Part3.swift */,
				E685AC2E2BDFEB6C00A1AB0D /* Page24.swift */,
				E685AC302BDFEBAC00A1AB0D /* Page25.swift */,
			);
			path = Sections;
			sourceTree = "<group>";
		};
		E6A69F8F2BDCDF4D008DE37F /* Onboarding */ = {
			isa = PBXGroup;
			children = (
				E6A69F902BDCDF73008DE37F /* SplashPage.swift */,
				E6A69F922BDCDF9B008DE37F /* HomePage.swift */,
				E6A69F942BDCDFC1008DE37F /* SuggestionPage.swift */,
			);
			path = Onboarding;
			sourceTree = "<group>";
		};
		E6A69F9C2BDE7F6A008DE37F /* UtilViews */ = {
			isa = PBXGroup;
			children = (
				E6A69F9D2BDE7F94008DE37F /* ParallaxScrollableViewLegacy.swift */,
				E6A69FA12BDE9601008DE37F /* ParallaxUtils.swift */,
			);
			path = UtilViews;
			sourceTree = "<group>";
		};
/* End PBXGroup section */

/* Begin PBXNativeTarget section */
		E6A69F7A2BDCCA10008DE37F /* shrooming */ = {
			isa = PBXNativeTarget;
			buildConfigurationList = E6A69F892BDCCA12008DE37F /* Build configuration list for PBXNativeTarget "shrooming" */;
			buildPhases = (
				E6A69F772BDCCA10008DE37F /* Sources */,
				E6A69F782BDCCA10008DE37F /* Frameworks */,
				E6A69F792BDCCA10008DE37F /* Resources */,
			);
			buildRules = (
			);
			dependencies = (
			);
			name = shrooming;
			productName = shrooming;
			productReference = E6A69F7B2BDCCA10008DE37F /* shrooming.app */;
			productType = "com.apple.product-type.application";
		};
/* End PBXNativeTarget section */

/* Begin PBXProject section */
		E6A69F732BDCCA10008DE37F /* Project object */ = {
			isa = PBXProject;
			attributes = {
				BuildIndependentTargetsInParallel = 1;
				LastSwiftUpdateCheck = 1520;
				LastUpgradeCheck = 1520;
				TargetAttributes = {
					E6A69F7A2BDCCA10008DE37F = {
						CreatedOnToolsVersion = 15.2;
					};
				};
			};
			buildConfigurationList = E6A69F762BDCCA10008DE37F /* Build configuration list for PBXProject "shrooming" */;
			compatibilityVersion = "Xcode 14.0";
			developmentRegion = en;
			hasScannedForEncodings = 0;
			knownRegions = (
				en,
				Base,
			);
			mainGroup = E6A69F722BDCCA10008DE37F;
			productRefGroup = E6A69F7C2BDCCA10008DE37F /* Products */;
			projectDirPath = "";
			projectRoot = "";
			targets = (
				E6A69F7A2BDCCA10008DE37F /* shrooming */,
			);
		};
/* End PBXProject section */

/* Begin PBXResourcesBuildPhase section */
		E6A69F792BDCCA10008DE37F /* Resources */ = {
			isa = PBXResourcesBuildPhase;
			buildActionMask = 2147483647;
			files = (
				E6A69F862BDCCA12008DE37F /* Preview Assets.xcassets in Resources */,
				E685AC332BDFF0CD00A1AB0D /* bgmusic.mp3 in Resources */,
				E6A69F832BDCCA12008DE37F /* Assets.xcassets in Resources */,
			);
			runOnlyForDeploymentPostprocessing = 0;
		};
/* End PBXResourcesBuildPhase section */

/* Begin PBXSourcesBuildPhase section */
		E6A69F772BDCCA10008DE37F /* Sources */ = {
			isa = PBXSourcesBuildPhase;
			buildActionMask = 2147483647;
			files = (
				E63D508A2BDF8129002B4C39 /* Page7Part1.swift in Sources */,
				E685ABFE2BDFAF5700A1AB0D /* Page9Part2.swift in Sources */,
				E6A69FA22BDE9601008DE37F /* ParallaxUtils.swift in Sources */,
				E615D5E42BDF9C7C0042CF09 /* Page8Part2.swift in Sources */,
				E6A69F992BDCF52A008DE37F /* StoryPage.swift in Sources */,
				E685AC1B2BDFCD7600A1AB0D /* Page17.swift in Sources */,
				E685AC2B2BDFE97800A1AB0D /* Page23Part2.swift in Sources */,
				E685AC022BDFB0A800A1AB0D /* Page10.swift in Sources */,
				E6A69F932BDCDF9B008DE37F /* HomePage.swift in Sources */,
				E6A69F9E2BDE7F94008DE37F /* ParallaxScrollableViewLegacy.swift in Sources */,
				E685AC0C2BDFC3F800A1AB0D /* Page11Part4.swift in Sources */,
				E685AC002BDFAFEA00A1AB0D /* Page9Part3.swift in Sources */,
				E6A69FAA2BDEA514008DE37F /* Page3Part2.swift in Sources */,
				E685AC2F2BDFEB6C00A1AB0D /* Page24.swift in Sources */,
				E685AC192BDFCC4000A1AB0D /* Page16.swift in Sources */,
				E6A69F952BDCDFC1008DE37F /* SuggestionPage.swift in Sources */,
				E6A69F8D2BDCCAA9008DE37F /* PageController.swift in Sources */,
				E685AC152BDFC71E00A1AB0D /* Page14.swift in Sources */,
				E685AC272BDFE76E00A1AB0D /* Page22.swift in Sources */,
				E6A69FAC2BDEA556008DE37F /* Page4Part1.swift in Sources */,
				E6A69FA02BDE9040008DE37F /* LearnParallax.swift in Sources */,
				E615D5E62BDFA0180042CF09 /* Page9Part1.swift in Sources */,
				E685AC042BDFB1AF00A1AB0D /* Page11Part1.swift in Sources */,
				E685AC2D2BDFEAC700A1AB0D /* Page23Part3.swift in Sources */,
				E6A69FA42BDE9A39008DE37F /* Page2Part1.swift in Sources */,
				E685AC292BDFE89300A1AB0D /* Page23Part1.swift in Sources */,
				E685AC062BDFB8F500A1AB0D /* Page9Part4.swift in Sources */,
				E685AC0A2BDFBCF800A1AB0D /* Page11Part3.swift in Sources */,
				E685AC1D2BDFCFB000A1AB0D /* Page18.swift in Sources */,
				E63D50842BDF41C7002B4C39 /* Page6.swift in Sources */,
				E685AC232BDFE34800A1AB0D /* Page21Part1.swift in Sources */,
				E685AC1F2BDFD04400A1AB0D /* Page19.swift in Sources */,
				E615D5E02BDF96C60042CF09 /* Page7Part2.swift in Sources */,
				E685AC082BDFBB8300A1AB0D /* Page11Part2.swift in Sources */,
				E6A69FAE2BDEA67C008DE37F /* Page5.swift in Sources */,
				E685AC312BDFEBAC00A1AB0D /* Page25.swift in Sources */,
				E685AC112BDFC5A200A1AB0D /* Page12.swift in Sources */,
				E685AC172BDFC7DC00A1AB0D /* Page15.swift in Sources */,
				E63D50862BDF55C2002B4C39 /* Page2Part3.swift in Sources */,
				E6A69F812BDCCA10008DE37F /* ContentView.swift in Sources */,
				E6A69F912BDCDF73008DE37F /* SplashPage.swift in Sources */,
				E685AC212BDFE16100A1AB0D /* Page20.swift in Sources */,
				E6A69FA62BDEA0E9008DE37F /* Page2Part2.swift in Sources */,
				E685AC132BDFC66800A1AB0D /* Page13.swift in Sources */,
				E6A69FA82BDEA392008DE37F /* Page3Part1.swift in Sources */,
				E615D5E22BDF98F50042CF09 /* Page8Part1.swift in Sources */,
				E63D50882BDF5CFE002B4C39 /* Page4Part2.swift in Sources */,
				E685AC252BDFE6BE00A1AB0D /* Page21Part2.swift in Sources */,
				E6A69F972BDCE1C9008DE37F /* PageControllerViewModel.swift in Sources */,
				E6A69F7F2BDCCA10008DE37F /* shroomingApp.swift in Sources */,
				E6A69F9B2BDD2E23008DE37F /* Page1.swift in Sources */,
				E685AC0E2BDFC47400A1AB0D /* Page11Part5.swift in Sources */,
			);
			runOnlyForDeploymentPostprocessing = 0;
		};
/* End PBXSourcesBuildPhase section */

/* Begin XCBuildConfiguration section */
		E6A69F872BDCCA12008DE37F /* Debug */ = {
			isa = XCBuildConfiguration;
			buildSettings = {
				ALWAYS_SEARCH_USER_PATHS = NO;
				ASSETCATALOG_COMPILER_GENERATE_SWIFT_ASSET_SYMBOL_EXTENSIONS = YES;
				CLANG_ANALYZER_NONNULL = YES;
				CLANG_ANALYZER_NUMBER_OBJECT_CONVERSION = YES_AGGRESSIVE;
				CLANG_CXX_LANGUAGE_STANDARD = "gnu++20";
				CLANG_ENABLE_MODULES = YES;
				CLANG_ENABLE_OBJC_ARC = YES;
				CLANG_ENABLE_OBJC_WEAK = YES;
				CLANG_WARN_BLOCK_CAPTURE_AUTORELEASING = YES;
				CLANG_WARN_BOOL_CONVERSION = YES;
				CLANG_WARN_COMMA = YES;
				CLANG_WARN_CONSTANT_CONVERSION = YES;
				CLANG_WARN_DEPRECATED_OBJC_IMPLEMENTATIONS = YES;
				CLANG_WARN_DIRECT_OBJC_ISA_USAGE = YES_ERROR;
				CLANG_WARN_DOCUMENTATION_COMMENTS = YES;
				CLANG_WARN_EMPTY_BODY = YES;
				CLANG_WARN_ENUM_CONVERSION = YES;
				CLANG_WARN_INFINITE_RECURSION = YES;
				CLANG_WARN_INT_CONVERSION = YES;
				CLANG_WARN_NON_LITERAL_NULL_CONVERSION = YES;
				CLANG_WARN_OBJC_IMPLICIT_RETAIN_SELF = YES;
				CLANG_WARN_OBJC_LITERAL_CONVERSION = YES;
				CLANG_WARN_OBJC_ROOT_CLASS = YES_ERROR;
				CLANG_WARN_QUOTED_INCLUDE_IN_FRAMEWORK_HEADER = YES;
				CLANG_WARN_RANGE_LOOP_ANALYSIS = YES;
				CLANG_WARN_STRICT_PROTOTYPES = YES;
				CLANG_WARN_SUSPICIOUS_MOVE = YES;
				CLANG_WARN_UNGUARDED_AVAILABILITY = YES_AGGRESSIVE;
				CLANG_WARN_UNREACHABLE_CODE = YES;
				CLANG_WARN__DUPLICATE_METHOD_MATCH = YES;
				COPY_PHASE_STRIP = NO;
				DEBUG_INFORMATION_FORMAT = dwarf;
				ENABLE_STRICT_OBJC_MSGSEND = YES;
				ENABLE_TESTABILITY = YES;
				ENABLE_USER_SCRIPT_SANDBOXING = YES;
				GCC_C_LANGUAGE_STANDARD = gnu17;
				GCC_DYNAMIC_NO_PIC = NO;
				GCC_NO_COMMON_BLOCKS = YES;
				GCC_OPTIMIZATION_LEVEL = 0;
				GCC_PREPROCESSOR_DEFINITIONS = (
					"DEBUG=1",
					"$(inherited)",
				);
				GCC_WARN_64_TO_32_BIT_CONVERSION = YES;
				GCC_WARN_ABOUT_RETURN_TYPE = YES_ERROR;
				GCC_WARN_UNDECLARED_SELECTOR = YES;
				GCC_WARN_UNINITIALIZED_AUTOS = YES_AGGRESSIVE;
				GCC_WARN_UNUSED_FUNCTION = YES;
				GCC_WARN_UNUSED_VARIABLE = YES;
				IPHONEOS_DEPLOYMENT_TARGET = 17.2;
				LOCALIZATION_PREFERS_STRING_CATALOGS = YES;
				MTL_ENABLE_DEBUG_INFO = INCLUDE_SOURCE;
				MTL_FAST_MATH = YES;
				ONLY_ACTIVE_ARCH = YES;
				SDKROOT = iphoneos;
				SWIFT_ACTIVE_COMPILATION_CONDITIONS = "DEBUG $(inherited)";
				SWIFT_OPTIMIZATION_LEVEL = "-Onone";
			};
			name = Debug;
		};
		E6A69F882BDCCA12008DE37F /* Release */ = {
			isa = XCBuildConfiguration;
			buildSettings = {
				ALWAYS_SEARCH_USER_PATHS = NO;
				ASSETCATALOG_COMPILER_GENERATE_SWIFT_ASSET_SYMBOL_EXTENSIONS = YES;
				CLANG_ANALYZER_NONNULL = YES;
				CLANG_ANALYZER_NUMBER_OBJECT_CONVERSION = YES_AGGRESSIVE;
				CLANG_CXX_LANGUAGE_STANDARD = "gnu++20";
				CLANG_ENABLE_MODULES = YES;
				CLANG_ENABLE_OBJC_ARC = YES;
				CLANG_ENABLE_OBJC_WEAK = YES;
				CLANG_WARN_BLOCK_CAPTURE_AUTORELEASING = YES;
				CLANG_WARN_BOOL_CONVERSION = YES;
				CLANG_WARN_COMMA = YES;
				CLANG_WARN_CONSTANT_CONVERSION = YES;
				CLANG_WARN_DEPRECATED_OBJC_IMPLEMENTATIONS = YES;
				CLANG_WARN_DIRECT_OBJC_ISA_USAGE = YES_ERROR;
				CLANG_WARN_DOCUMENTATION_COMMENTS = YES;
				CLANG_WARN_EMPTY_BODY = YES;
				CLANG_WARN_ENUM_CONVERSION = YES;
				CLANG_WARN_INFINITE_RECURSION = YES;
				CLANG_WARN_INT_CONVERSION = YES;
				CLANG_WARN_NON_LITERAL_NULL_CONVERSION = YES;
				CLANG_WARN_OBJC_IMPLICIT_RETAIN_SELF = YES;
				CLANG_WARN_OBJC_LITERAL_CONVERSION = YES;
				CLANG_WARN_OBJC_ROOT_CLASS = YES_ERROR;
				CLANG_WARN_QUOTED_INCLUDE_IN_FRAMEWORK_HEADER = YES;
				CLANG_WARN_RANGE_LOOP_ANALYSIS = YES;
				CLANG_WARN_STRICT_PROTOTYPES = YES;
				CLANG_WARN_SUSPICIOUS_MOVE = YES;
				CLANG_WARN_UNGUARDED_AVAILABILITY = YES_AGGRESSIVE;
				CLANG_WARN_UNREACHABLE_CODE = YES;
				CLANG_WARN__DUPLICATE_METHOD_MATCH = YES;
				COPY_PHASE_STRIP = NO;
				DEBUG_INFORMATION_FORMAT = "dwarf-with-dsym";
				ENABLE_NS_ASSERTIONS = NO;
				ENABLE_STRICT_OBJC_MSGSEND = YES;
				ENABLE_USER_SCRIPT_SANDBOXING = YES;
				GCC_C_LANGUAGE_STANDARD = gnu17;
				GCC_NO_COMMON_BLOCKS = YES;
				GCC_WARN_64_TO_32_BIT_CONVERSION = YES;
				GCC_WARN_ABOUT_RETURN_TYPE = YES_ERROR;
				GCC_WARN_UNDECLARED_SELECTOR = YES;
				GCC_WARN_UNINITIALIZED_AUTOS = YES_AGGRESSIVE;
				GCC_WARN_UNUSED_FUNCTION = YES;
				GCC_WARN_UNUSED_VARIABLE = YES;
				IPHONEOS_DEPLOYMENT_TARGET = 17.2;
				LOCALIZATION_PREFERS_STRING_CATALOGS = YES;
				MTL_ENABLE_DEBUG_INFO = NO;
				MTL_FAST_MATH = YES;
				SDKROOT = iphoneos;
				SWIFT_COMPILATION_MODE = wholemodule;
				VALIDATE_PRODUCT = YES;
			};
			name = Release;
		};
		E6A69F8A2BDCCA12008DE37F /* Debug */ = {
			isa = XCBuildConfiguration;
			buildSettings = {
				ASSETCATALOG_COMPILER_APPICON_NAME = AppIcon;
				ASSETCATALOG_COMPILER_GLOBAL_ACCENT_COLOR_NAME = AccentColor;
				CODE_SIGN_STYLE = Automatic;
				CURRENT_PROJECT_VERSION = 1;
				DEVELOPMENT_ASSET_PATHS = "\"shrooming/Preview Content\"";
				DEVELOPMENT_TEAM = J4KR4C3C23;
				ENABLE_PREVIEWS = YES;
				GENERATE_INFOPLIST_FILE = YES;
				INFOPLIST_KEY_UIApplicationSceneManifest_Generation = YES;
				INFOPLIST_KEY_UIApplicationSupportsIndirectInputEvents = YES;
				INFOPLIST_KEY_UILaunchScreen_Generation = YES;
				INFOPLIST_KEY_UISupportedInterfaceOrientations_iPad = "UIInterfaceOrientationPortrait UIInterfaceOrientationPortraitUpsideDown UIInterfaceOrientationLandscapeLeft UIInterfaceOrientationLandscapeRight";
				INFOPLIST_KEY_UISupportedInterfaceOrientations_iPhone = "UIInterfaceOrientationPortrait UIInterfaceOrientationLandscapeLeft UIInterfaceOrientationLandscapeRight";
				INFOPLIST_KEY_UIUserInterfaceStyle = Dark;
				LD_RUNPATH_SEARCH_PATHS = (
					"$(inherited)",
					"@executable_path/Frameworks",
				);
				MARKETING_VERSION = 1.0;
				PRODUCT_BUNDLE_IDENTIFIER = dev.bytebooster.shrooming;
				PRODUCT_NAME = "$(TARGET_NAME)";
				SWIFT_EMIT_LOC_STRINGS = YES;
				SWIFT_VERSION = 5.0;
				TARGETED_DEVICE_FAMILY = "1,2";
			};
			name = Debug;
		};
		E6A69F8B2BDCCA12008DE37F /* Release */ = {
			isa = XCBuildConfiguration;
			buildSettings = {
				ASSETCATALOG_COMPILER_APPICON_NAME = AppIcon;
				ASSETCATALOG_COMPILER_GLOBAL_ACCENT_COLOR_NAME = AccentColor;
				CODE_SIGN_STYLE = Automatic;
				CURRENT_PROJECT_VERSION = 1;
				DEVELOPMENT_ASSET_PATHS = "\"shrooming/Preview Content\"";
				DEVELOPMENT_TEAM = J4KR4C3C23;
				ENABLE_PREVIEWS = YES;
				GENERATE_INFOPLIST_FILE = YES;
				INFOPLIST_KEY_UIApplicationSceneManifest_Generation = YES;
				INFOPLIST_KEY_UIApplicationSupportsIndirectInputEvents = YES;
				INFOPLIST_KEY_UILaunchScreen_Generation = YES;
				INFOPLIST_KEY_UISupportedInterfaceOrientations_iPad = "UIInterfaceOrientationPortrait UIInterfaceOrientationPortraitUpsideDown UIInterfaceOrientationLandscapeLeft UIInterfaceOrientationLandscapeRight";
				INFOPLIST_KEY_UISupportedInterfaceOrientations_iPhone = "UIInterfaceOrientationPortrait UIInterfaceOrientationLandscapeLeft UIInterfaceOrientationLandscapeRight";
				INFOPLIST_KEY_UIUserInterfaceStyle = Dark;
				LD_RUNPATH_SEARCH_PATHS = (
					"$(inherited)",
					"@executable_path/Frameworks",
				);
				MARKETING_VERSION = 1.0;
				PRODUCT_BUNDLE_IDENTIFIER = dev.bytebooster.shrooming;
				PRODUCT_NAME = "$(TARGET_NAME)";
				SWIFT_EMIT_LOC_STRINGS = YES;
				SWIFT_VERSION = 5.0;
				TARGETED_DEVICE_FAMILY = "1,2";
			};
			name = Release;
		};
/* End XCBuildConfiguration section */

/* Begin XCConfigurationList section */
		E6A69F762BDCCA10008DE37F /* Build configuration list for PBXProject "shrooming" */ = {
			isa = XCConfigurationList;
			buildConfigurations = (
				E6A69F872BDCCA12008DE37F /* Debug */,
				E6A69F882BDCCA12008DE37F /* Release */,
			);
			defaultConfigurationIsVisible = 0;
			defaultConfigurationName = Release;
		};
		E6A69F892BDCCA12008DE37F /* Build configuration list for PBXNativeTarget "shrooming" */ = {
			isa = XCConfigurationList;
			buildConfigurations = (
				E6A69F8A2BDCCA12008DE37F /* Debug */,
				E6A69F8B2BDCCA12008DE37F /* Release */,
			);
			defaultConfigurationIsVisible = 0;
			defaultConfigurationName = Release;
		};
/* End XCConfigurationList section */
	};
	rootObject = E6A69F732BDCCA10008DE37F /* Project object */;
}
